
Microsoft Visual Studio Solution File, Format Version 11.00
# Visual Studio 2010
Project("{2150E333-8FDC-42A3-9474-1A3956D46DE8}") = "Libraries", "Libraries", "{01D8DF90-4BBC-479D-BADD-78DB6816162A}"
EndProject
Project("{FAE04EC0-301F-11D3-BF4B-00C04F79EFBC}") = "ZwShop.Common", "Libraries\ZwShop.Common\ZwShop.Common.csproj", "{01C8BA76-0CE5-4EBE-93CD-9C48D706461A}"
EndProject
Project("{FAE04EC0-301F-11D3-BF4B-00C04F79EFBC}") = "ZwShop.Controls", "Libraries\ZwShop.Controls\ZwShop.Controls.csproj", "{1DA67E66-0B0E-470E-AD84-46A70763C780}"
EndProject
Project("{FAE04EC0-301F-11D3-BF4B-00C04F79EFBC}") = "ZwShop.Services", "Libraries\ZwShop.Services\ZwShop.Services.csproj", "{CBB36348-1F73-4D85-A8AF-3E23DE34E9B8}"
EndProject
Project("{2150E333-8FDC-42A3-9474-1A3956D46DE8}") = "Payment", "Payment", "{7DA48359-003D-43BF-BB77-21818C97C251}"
EndProject
Project("{FAE04EC0-301F-11D3-BF4B-00C04F79EFBC}") = "ZwShop.Payment.Alipay", "Payment\ZwShop.Payment.Alipay\ZwShop.Payment.Alipay.csproj", "{133FE796-1EE0-439C-8F10-CDAA907E588B}"
EndProject
Project("{FAE04EC0-301F-11D3-BF4B-00C04F79EFBC}") = "ZwShop.Web", "ZwShop.Web\ZwShop.Web.csproj", "{9C274EC2-A758-4847-94C4-D735B0938582}"
EndProject
Project("{FAE04EC0-301F-11D3-BF4B-00C04F79EFBC}") = "ZwShop.Api", "ZwShop.Api\ZwShop.Api.csproj", "{F88D446D-EAF9-403E-81AC-494300FE925E}"
EndProject
Global
	GlobalSection(SolutionConfigurationPlatforms) = preSolution
		Debug|Any CPU = Debug|Any CPU
		Release|Any CPU = Release|Any CPU
	EndGlobalSection
	GlobalSection(ProjectConfigurationPlatforms) = postSolution
		{01C8BA76-0CE5-4EBE-93CD-9C48D706461A}.Debug|Any CPU.ActiveCfg = Debug|Any CPU
		{01C8BA76-0CE5-4EBE-93CD-9C48D706461A}.Debug|Any CPU.Build.0 = Debug|Any CPU
		{01C8BA76-0CE5-4EBE-93CD-9C48D706461A}.Release|Any CPU.ActiveCfg = Release|Any CPU
		{01C8BA76-0CE5-4EBE-93CD-9C48D706461A}.Release|Any CPU.Build.0 = Release|Any CPU
		{1DA67E66-0B0E-470E-AD84-46A70763C780}.Debug|Any CPU.ActiveCfg = Debug|Any CPU
		{1DA67E66-0B0E-470E-AD84-46A70763C780}.Debug|Any CPU.Build.0 = Debug|Any CPU
		{1DA67E66-0B0E-470E-AD84-46A70763C780}.Release|Any CPU.ActiveCfg = Release|Any CPU
		{1DA67E66-0B0E-470E-AD84-46A70763C780}.Release|Any CPU.Build.0 = Release|Any CPU
		{CBB36348-1F73-4D85-A8AF-3E23DE34E9B8}.Debug|Any CPU.ActiveCfg = Debug|Any CPU
		{CBB36348-1F73-4D85-A8AF-3E23DE34E9B8}.Debug|Any CPU.Build.0 = Debug|Any CPU
		{CBB36348-1F73-4D85-A8AF-3E23DE34E9B8}.Release|Any CPU.ActiveCfg = Release|Any CPU
		{CBB36348-1F73-4D85-A8AF-3E23DE34E9B8}.Release|Any CPU.Build.0 = Release|Any CPU
		{133FE796-1EE0-439C-8F10-CDAA907E588B}.Debug|Any CPU.ActiveCfg = Debug|Any CPU
		{133FE796-1EE0-439C-8F10-CDAA907E588B}.Debug|Any CPU.Build.0 = Debug|Any CPU
		{133FE796-1EE0-439C-8F10-CDAA907E588B}.Release|Any CPU.ActiveCfg = Release|Any CPU
		{133FE796-1EE0-439C-8F10-CDAA907E588B}.Release|Any CPU.Build.0 = Release|Any CPU
		{9C274EC2-A758-4847-94C4-D735B0938582}.Debug|Any CPU.ActiveCfg = Debug|Any CPU
		{9C274EC2-A758-4847-94C4-D735B0938582}.Debug|Any CPU.Build.0 = Debug|Any CPU
		{9C274EC2-A758-4847-94C4-D735B0938582}.Release|Any CPU.ActiveCfg = Release|Any CPU
		{9C274EC2-A758-4847-94C4-D735B0938582}.Release|Any CPU.Build.0 = Release|Any CPU
		{F88D446D-EAF9-403E-81AC-494300FE925E}.Debug|Any CPU.ActiveCfg = Debug|Any CPU
		{F88D446D-EAF9-403E-81AC-494300FE925E}.Debug|Any CPU.Build.0 = Debug|Any CPU
		{F88D446D-EAF9-403E-81AC-494300FE925E}.Release|Any CPU.ActiveCfg = Release|Any CPU
		{F88D446D-EAF9-403E-81AC-494300FE925E}.Release|Any CPU.Build.0 = Release|Any CPU
	EndGlobalSection
	GlobalSection(SolutionProperties) = preSolution
		HideSolutionNode = FALSE
	EndGlobalSection
	GlobalSection(NestedProjects) = preSolution
		{1DA67E66-0B0E-470E-AD84-46A70763C780} = {01D8DF90-4BBC-479D-BADD-78DB6816162A}
		{CBB36348-1F73-4D85-A8AF-3E23DE34E9B8} = {01D8DF90-4BBC-479D-BADD-78DB6816162A}
		{133FE796-1EE0-439C-8F10-CDAA907E588B} = {7DA48359-003D-43BF-BB77-21818C97C251}
	EndGlobalSection
EndGlobal
